{
  "name": "frontend-buisness-logic",
  "version": "1.0.0",
  "lockfileVersion": 1,
  "requires": true,
  "dependencies": {
    "@pulsejs/core": {
      "version": "3.4.2-0",
      "resolved": "https://registry.npmjs.org/@pulsejs/core/-/core-3.4.2-0.tgz",
      "integrity": "sha512-9fK5q0S/7fScjY8jA8R3ltYS4MRH2Bw4rKMzxKJ3q7O4nSD1jqbpCosquyAXcGiMG/D3KHm2XflCnUURdC7jqQ=="
    }
  }
}
